// !$*UTF8*$!
{
	archiveVersion = 1;
	classes = {
	};
	objectVersion = 46;
	objects = {

/* Begin PBXBuildFile section */
		E380B09B1EA339BE00A1B5E2 /* main.m in Sources */ = {isa = PBXBuildFile; fileRef = E380B09A1EA339BE00A1B5E2 /* main.m */; };
		E380B09E1EA339BE00A1B5E2 /* AppDelegate.m in Sources */ = {isa = PBXBuildFile; fileRef = E380B09D1EA339BE00A1B5E2 /* AppDelegate.m */; };
		E380B0A11EA339BE00A1B5E2 /* ViewController.m in Sources */ = {isa = PBXBuildFile; fileRef = E380B0A01EA339BE00A1B5E2 /* ViewController.m */; };
		E380B0A41EA339BE00A1B5E2 /* Main.storyboard in Resources */ = {isa = PBXBuildFile; fileRef = E380B0A21EA339BE00A1B5E2 /* Main.storyboard */; };
		E380B0A61EA339BE00A1B5E2 /* Assets.xcassets in Resources */ = {isa = PBXBuildFile; fileRef = E380B0A51EA339BE00A1B5E2 /* Assets.xcassets */; };
		E380B0A91EA339BE00A1B5E2 /* LaunchScreen.storyboard in Resources */ = {isa = PBXBuildFile; fileRef = E380B0A71EA339BE00A1B5E2 /* LaunchScreen.storyboard */; };
		E380B0B81EA33B3F00A1B5E2 /* RSImageLoopView.m in Sources */ = {isa = PBXBuildFile; fileRef = E380B0B71EA33B3F00A1B5E2 /* RSImageLoopView.m */; };
/* End PBXBuildFile section */

/* Begin PBXFileReference section */
		E380B0961EA339BE00A1B5E2 /* RSImageLoopViewDemo.app */ = {isa = PBXFileReference; explicitFileType = wrapper.application; includeInIndex = 0; path = RSImageLoopViewDemo.app; sourceTree = BUILT_PRODUCTS_DIR; };
		E380B09A1EA339BE00A1B5E2 /* main.m */ = {isa = PBXFileReference; lastKnownFileType = sourcecode.c.objc; path = main.m; sourceTree = "<group>"; };
		E380B09C1EA339BE00A1B5E2 /* AppDelegate.h */ = {isa = PBXFileReference; lastKnownFileType = sourcecode.c.h; path = AppDelegate.h; sourceTree = "<group>"; };
		E380B09D1EA339BE00A1B5E2 /* AppDelegate.m */ = {isa = PBXFileReference; lastKnownFileType = sourcecode.c.objc; path = AppDelegate.m; sourceTree = "<group>"; };
		E380B09F1EA339BE00A1B5E2 /* ViewController.h */ = {isa = PBXFileReference; lastKnownFileType = sourcecode.c.h; path = ViewController.h; sourceTree = "<group>"; };
		E380B0A01EA339BE00A1B5E2 /* ViewController.m */ = {isa = PBXFileReference; lastKnownFileType = sourcecode.c.objc; path = ViewController.m; sourceTree = "<group>"; };
		E380B0A31EA339BE00A1B5E2 /* Base */ = {isa = PBXFileReference; lastKnownFileType = file.storyboard; name = Base; path = Base.lproj/Main.storyboard; sourceTree = "<group>"; };
		E380B0A51EA339BE00A1B5E2 /* Assets.xcassets */ = {isa = PBXFileReference; lastKnownFileType = folder.assetcatalog; path = Assets.xcassets; sourceTree = "<group>"; };
		E380B0A81EA339BE00A1B5E2 /* Base */ = {isa = PBXFileReference; lastKnownFileType = file.storyboard; name = Base; path = Base.lproj/LaunchScreen.storyboard; sourceTree = "<group>"; };
		E380B0AA1EA339BE00A1B5E2 /* Info.plist */ = {isa = PBXFileReference; lastKnownFileType = text.plist.xml; path = Info.plist; sourceTree = "<group>"; };
		E380B0B61EA33B3F00A1B5E2 /* RSImageLoopView.h */ = {isa = PBXFileReference; fileEncoding = 4; lastKnownFileType = sourcecode.c.h; path = RSImageLoopView.h; sourceTree = "<group>"; };
		E380B0B71EA33B3F00A1B5E2 /* RSImageLoopView.m */ = {isa = PBXFileReference; fileEncoding = 4; lastKnownFileType = sourcecode.c.objc; path = RSImageLoopView.m; sourceTree = "<group>"; };
/* End PBXFileReference section */

/* Begin PBXFrameworksBuildPhase section */
		E380B0931EA339BE00A1B5E2 /* Frameworks */ = {
			isa = PBXFrameworksBuildPhase;
			buildActionMask = 2147483647;
			files = (
			);
			runOnlyForDeploymentPostprocessing = 0;
		};
/* End PBXFrameworksBuildPhase section */

/* Begin PBXGroup section */
		E380B08D1EA339BE00A1B5E2 = {
			isa = PBXGroup;
			children = (
				E380B0981EA339BE00A1B5E2 /* RSImageLoopViewDemo */,
				E380B0971EA339BE00A1B5E2 /* Products */,
			);
			sourceTree = "<group>";
		};
		E380B0971EA339BE00A1B5E2 /* Products */ = {
			isa = PBXGroup;
			children = (
				E380B0961EA339BE00A1B5E2 /* RSImageLoopViewDemo.app */,
			);
			name = Products;
			sourceTree = "<group>";
		};
		E380B0981EA339BE00A1B5E2 /* RSImageLoopViewDemo */ = {
			isa = PBXGroup;
			children = (
				E380B0B51EA33B3F00A1B5E2 /* RSImageLoopView */,
				E380B09C1EA339BE00A1B5E2 /* AppDelegate.h */,
				E380B09D1EA339BE00A1B5E2 /* AppDelegate.m */,
				E380B09F1EA339BE00A1B5E2 /* ViewController.h */,
				E380B0A01EA339BE00A1B5E2 /* ViewController.m */,
				E380B0A21EA339BE00A1B5E2 /* Main.storyboard */,
				E380B0A51EA339BE00A1B5E2 /* Assets.xcassets */,
				E380B0A71EA339BE00A1B5E2 /* LaunchScreen.storyboard */,
				E380B0AA1EA339BE00A1B5E2 /* Info.plist */,
				E380B0991EA339BE00A1B5E2 /* Supporting Files */,
			);
			path = RSImageLoopViewDemo;
			sourceTree = "<group>";
		};
		E380B0991EA339BE00A1B5E2 /* Supporting Files */ = {
			isa = PBXGroup;
			children = (
				E380B09A1EA339BE00A1B5E2 /* main.m */,
			);
			name = "Supporting Files";
			sourceTree = "<group>";
		};
		E380B0B51EA33B3F00A1B5E2 /* RSImageLoopView */ = {
			isa = PBXGroup;
			children = (
				E380B0B61EA33B3F00A1B5E2 /* RSImageLoopView.h */,
				E380B0B71EA33B3F00A1B5E2 /* RSImageLoopView.m */,
			);
			path = RSImageLoopView;
			sourceTree = "<group>";
		};
/* End PBXGroup section */

/* Begin PBXNativeTarget section */
		E380B0951EA339BE00A1B5E2 /* RSImageLoopViewDemo */ = {
			isa = PBXNativeTarget;
			buildConfigurationList = E380B0AD1EA339BE00A1B5E2 /* Build configuration list for PBXNativeTarget "RSImageLoopViewDemo" */;
			buildPhases = (
				E380B0921EA339BE00A1B5E2 /* Sources */,
				E380B0931EA339BE00A1B5E2 /* Frameworks */,
				E380B0941EA339BE00A1B5E2 /* Resources */,
			);
			buildRules = (
			);
			dependencies = (
			);
			name = RSImageLoopViewDemo;
			productName = RSImageLoopViewDemo;
			productReference = E380B0961EA339BE00A1B5E2 /* RSImageLoopViewDemo.app */;
			productType = "com.apple.product-type.application";
		};
/* End PBXNativeTarget section */

/* Begin PBXProject section */
		E380B08E1EA339BE00A1B5E2 /* Project object */ = {
			isa = PBXProject;
			attributes = {
				LastUpgradeCheck = 0830;
				ORGANIZATIONNAME = ruosu;
				TargetAttributes = {
					E380B0951EA339BE00A1B5E2 = {
						CreatedOnToolsVersion = 8.3;
						ProvisioningStyle = Automatic;
					};
				};
			};
			buildConfigurationList = E380B0911EA339BE00A1B5E2 /* Build configuration list for PBXProject "RSImageLoopViewDemo" */;
			compatibilityVersion = "Xcode 3.2";
			developmentRegion = English;
			hasScannedForEncodings = 0;
			knownRegions = (
				en,
				Base,
			);
			mainGroup = E380B08D1EA339BE00A1B5E2;
			productRefGroup = E380B0971EA339BE00A1B5E2 /* Products */;
			projectDirPath = "";
			projectRoot = "";
			targets = (
				E380B0951EA339BE00A1B5E2 /* RSImageLoopViewDemo */,
			);
		};
/* End PBXProject section */

/* Begin PBXResourcesBuildPhase section */
		E380B0941EA339BE00A1B5E2 /* Resources */ = {
			isa = PBXResourcesBuildPhase;
			buildActionMask = 2147483647;
			files = (
				E380B0A91EA339BE00A1B5E2 /* LaunchScreen.storyboard in Resources */,
				E380B0A61EA339BE00A1B5E2 /* Assets.xcassets in Resources */,
				E380B0A41EA339BE00A1B5E2 /* Main.storyboard in Resources */,
			);
			runOnlyForDeploymentPostprocessing = 0;
		};
/* End PBXResourcesBuildPhase section */

/* Begin PBXSourcesBuildPhase section */
		E380B0921EA339BE00A1B5E2 /* Sources */ = {
			isa = PBXSourcesBuildPhase;
			buildActionMask = 2147483647;
			files = (
				E380B0A11EA339BE00A1B5E2 /* ViewController.m in Sources */,
				E380B0B81EA33B3F00A1B5E2 /* RSImageLoopView.m in Sources */,
				E380B09E1EA339BE00A1B5E2 /* AppDelegate.m in Sources */,
				E380B09B1EA339BE00A1B5E2 /* main.m in Sources */,
			);
			runOnlyForDeploymentPostprocessing = 0;
		};
/* End PBXSourcesBuildPhase section */

/* Begin PBXVariantGroup section */
		E380B0A21EA339BE00A1B5E2 /* Main.storyboard */ = {
			isa = PBXVariantGroup;
			children = (
				E380B0A31EA339BE00A1B5E2 /* Base */,
			);
			name = Main.storyboard;
			sourceTree = "<group>";
		};
		E380B0A71EA339BE00A1B5E2 /* LaunchScreen.storyboard */ = {
			isa = PBXVariantGroup;
			children = (
				E380B0A81EA339BE00A1B5E2 /* Base */,
			);
			name = LaunchScreen.storyboard;
			sourceTree = "<group>";
		};
/* End PBXVariantGroup section */

/* Begin XCBuildConfiguration section */
		E380B0AB1EA339BE00A1B5E2 /* Debug */ = {
			isa = XCBuildConfiguration;
			buildSettings = {
				ALWAYS_SEARCH_USER_PATHS = NO;
				CLANG_ANALYZER_NONNULL = YES;
				CLANG_ANALYZER_NUMBER_OBJECT_CONVERSION = YES_AGGRESSIVE;
				CLANG_CXX_LANGUAGE_STANDARD = "gnu++0x";
				CLANG_CXX_LIBRARY = "libc++";
				CLANG_ENABLE_MODULES = YES;
				CLANG_ENABLE_OBJC_ARC = YES;
				CLANG_WARN_BOOL_CONVERSION = YES;
				CLANG_WARN_CONSTANT_CONVERSION = YES;
				CLANG_WARN_DIRECT_OBJC_ISA_USAGE = YES_ERROR;
				CLANG_WARN_DOCUMENTATION_COMMENTS = YES;
				CLANG_WARN_EMPTY_BODY = YES;
				CLANG_WARN_ENUM_CONVERSION = YES;
				CLANG_WARN_INFINITE_RECURSION = YES;
				CLANG_WARN_INT_CONVERSION = YES;
				CLANG_WARN_OBJC_ROOT_CLASS = YES_ERROR;
				CLANG_WARN_SUSPICIOUS_MOVE = YES;
				CLANG_WARN_UNREACHABLE_CODE = YES;
				CLANG_WARN__DUPLICATE_METHOD_MATCH = YES;
				"CODE_SIGN_IDENTITY[sdk=iphoneos*]" = "iPhone Developer";
				COPY_PHASE_STRIP = NO;
				DEBUG_INFORMATION_FORMAT = dwarf;
				ENABLE_STRICT_OBJC_MSGSEND = YES;
				ENABLE_TESTABILITY = YES;
				GCC_C_LANGUAGE_STANDARD = gnu99;
				GCC_DYNAMIC_NO_PIC = NO;
				GCC_NO_COMMON_BLOCKS = YES;
				GCC_OPTIMIZATION_LEVEL = 0;
				GCC_PREPROCESSOR_DEFINITIONS = (
					"DEBUG=1",
					"$(inherited)",
				);
				GCC_WARN_64_TO_32_BIT_CONVERSION = YES;
				GCC_WARN_ABOUT_RETURN_TYPE = YES_ERROR;
				GCC_WARN_UNDECLARED_SELECTOR = YES;
				GCC_WARN_UNINITIALIZED_AUTOS = YES_AGGRESSIVE;
				GCC_WARN_UNUSED_FUNCTION = YES;
				GCC_WARN_UNUSED_VARIABLE = YES;
				IPHONEOS_DEPLOYMENT_TARGET = 10.3;
				MTL_ENABLE_DEBUG_INFO = YES;
				ONLY_ACTIVE_ARCH = YES;
				SDKROOT = iphoneos;
			};
			name = Debug;
		};
		E380B0AC1EA339BE00A1B5E2 /* Release */ = {
			isa = XCBuildConfiguration;
			buildSettings = {
				ALWAYS_SEARCH_USER_PATHS = NO;
				CLANG_ANALYZER_NONNULL = YES;
				CLANG_ANALYZER_NUMBER_OBJECT_CONVERSION = YES_AGGRESSIVE;
				CLANG_CXX_LANGUAGE_STANDARD = "gnu++0x";
				CLANG_CXX_LIBRARY = "libc++";
				CLANG_ENABLE_MODULES = YES;
				CLANG_ENABLE_OBJC_ARC = YES;
				CLANG_WARN_BOOL_CONVERSION = YES;
				CLANG_WARN_CONSTANT_CONVERSION = YES;
				CLANG_WARN_DIRECT_OBJC_ISA_USAGE = YES_ERROR;
				CLANG_WARN_DOCUMENTATION_COMMENTS = YES;
				CLANG_WARN_EMPTY_BODY = YES;
				CLANG_WARN_ENUM_CONVERSION = YES;
				CLANG_WARN_INFINITE_RECURSION = YES;
				CLANG_WARN_INT_CONVERSION = YES;
				CLANG_WARN_OBJC_ROOT_CLASS = YES_ERROR;
				CLANG_WARN_SUSPICIOUS_MOVE = YES;
				CLANG_WARN_UNREACHABLE_CODE = YES;
				CLANG_WARN__DUPLICATE_METHOD_MATCH = YES;
				"CODE_SIGN_IDENTITY[sdk=iphoneos*]" = "iPhone Developer";
				COPY_PHASE_STRIP = NO;
				DEBUG_INFORMATION_FORMAT = "dwarf-with-dsym";
				ENABLE_NS_ASSERTIONS = NO;
				ENABLE_STRICT_OBJC_MSGSEND = YES;
				GCC_C_LANGUAGE_STANDARD = gnu99;
				GCC_NO_COMMON_BLOCKS = YES;
				GCC_WARN_64_TO_32_BIT_CONVERSION = YES;
				GCC_WARN_ABOUT_RETURN_TYPE = YES_ERROR;
				GCC_WARN_UNDECLARED_SELECTOR = YES;
				GCC_WARN_UNINITIALIZED_AUTOS = YES_AGGRESSIVE;
				GCC_WARN_UNUSED_FUNCTION = YES;
				GCC_WARN_UNUSED_VARIABLE = YES;
				IPHONEOS_DEPLOYMENT_TARGET = 10.3;
				MTL_ENABLE_DEBUG_INFO = NO;
				SDKROOT = iphoneos;
				VALIDATE_PRODUCT = YES;
			};
			name = Release;
		};
		E380B0AE1EA339BE00A1B5E2 /* Debug */ = {
			isa = XCBuildConfiguration;
			buildSettings = {
				ASSETCATALOG_COMPILER_APPICON_NAME = AppIcon;
				INFOPLIST_FILE = RSImageLoopViewDemo/Info.plist;
				LD_RUNPATH_SEARCH_PATHS = "$(inherited) @executable_path/Frameworks";
				PRODUCT_BUNDLE_IDENTIFIER = hhit.com.RSImageLoopViewDemo;
				PRODUCT_NAME = "$(TARGET_NAME)";
			};
			name = Debug;
		};
		E380B0AF1EA339BE00A1B5E2 /* Release */ = {
			isa = XCBuildConfiguration;
			buildSettings = {
				ASSETCATALOG_COMPILER_APPICON_NAME = AppIcon;
				INFOPLIST_FILE = RSImageLoopViewDemo/Info.plist;
				LD_RUNPATH_SEARCH_PATHS = "$(inherited) @executable_path/Frameworks";
				PRODUCT_BUNDLE_IDENTIFIER = hhit.com.RSImageLoopViewDemo;
				PRODUCT_NAME = "$(TARGET_NAME)";
			};
			name = Release;
		};
/* End XCBuildConfiguration section */

/* Begin XCConfigurationList section */
		E380B0911EA339BE00A1B5E2 /* Build configuration list for PBXProject "RSImageLoopViewDemo" */ = {
			isa = XCConfigurationList;
			buildConfigurations = (
				E380B0AB1EA339BE00A1B5E2 /* Debug */,
				E380B0AC1EA339BE00A1B5E2 /* Release */,
			);
			defaultConfigurationIsVisible = 0;
			defaultConfigurationName = Release;
		};
		E380B0AD1EA339BE00A1B5E2 /* Build configuration list for PBXNativeTarget "RSImageLoopViewDemo" */ = {
			isa = XCConfigurationList;
			buildConfigurations = (
				E380B0AE1EA339BE00A1B5E2 /* Debug */,
				E380B0AF1EA339BE00A1B5E2 /* Release */,
			);
			defaultConfigurationIsVisible = 0;
		};
/* End XCConfigurationList section */
	};
	rootObject = E380B08E1EA339BE00A1B5E2 /* Project object */;
}
